Microsoft Visual Studio Solution File, Format Version 12.00
# Visual Studio 2012
Project("{FAE04EC0-301F-11D3-BF4B-00C04F79EFBC}") = "amiga", "amiga.csproj", "{12B8959B-0582-4C52-AF86-81943046C64F}"
EndProject
Global
	GlobalSection(SolutionConfigurationPlatforms) = preSolution
	Debug|Any CPU = Debug|Any CPU
	ExportDebug|Any CPU = ExportDebug|Any CPU
	ExportRelease|Any CPU = ExportRelease|Any CPU
	EndGlobalSection
	GlobalSection(ProjectConfigurationPlatforms) = postSolution
		{12B8959B-0582-4C52-AF86-81943046C64F}.Debug|Any CPU.ActiveCfg = Debug|Any CPU
		{12B8959B-0582-4C52-AF86-81943046C64F}.Debug|Any CPU.Build.0 = Debug|Any CPU
		{12B8959B-0582-4C52-AF86-81943046C64F}.ExportDebug|Any CPU.ActiveCfg = ExportDebug|Any CPU
		{12B8959B-0582-4C52-AF86-81943046C64F}.ExportDebug|Any CPU.Build.0 = ExportDebug|Any CPU
		{12B8959B-0582-4C52-AF86-81943046C64F}.ExportRelease|Any CPU.ActiveCfg = ExportRelease|Any CPU
		{12B8959B-0582-4C52-AF86-81943046C64F}.ExportRelease|Any CPU.Build.0 = ExportRelease|Any CPU
	EndGlobalSection
EndGlobal
